
Microsoft Visual Studio Solution File, Format Version 11.00
# Visual Web Developer Express 2010
Project("{E24C65DC-7377-472B-9ABA-BC803B73C61A}") = "06 Validation Groups", ".", "{FF702F3B-1F8E-4AF8-B00E-54061F5C0BC5}"
	ProjectSection(WebsiteProperties) = preProject
		TargetFrameworkMoniker = ".NETFramework,Version%3Dv4.0"
		Debug.AspNetCompiler.VirtualPath = "/06 Validation Groups"
		Debug.AspNetCompiler.PhysicalPath = "..\06 Validation Groups\"
		Debug.AspNetCompiler.TargetPath = "PrecompiledWeb\06 Validation Groups\"
		Debug.AspNetCompiler.Updateable = "true"
		Debug.AspNetCompiler.ForceOverwrite = "true"
		Debug.AspNetCompiler.FixedNames = "false"
		Debug.AspNetCompiler.Debug = "True"
		Release.AspNetCompiler.VirtualPath = "/06 Validation Groups"
		Release.AspNetCompiler.PhysicalPath = "..\06 Validation Groups\"
		Release.AspNetCompiler.TargetPath = "PrecompiledWeb\06 Validation Groups\"
		Release.AspNetCompiler.Updateable = "true"
		Release.AspNetCompiler.ForceOverwrite = "true"
		Release.AspNetCompiler.FixedNames = "false"
		Release.AspNetCompiler.Debug = "False"
		VWDPort = "50479"
		DefaultWebSiteLanguage = "Visual C#"
	EndProjectSection
EndProject
Global
	GlobalSection(SolutionConfigurationPlatforms) = preSolution
		Debug|Any CPU = Debug|Any CPU
	EndGlobalSection
	GlobalSection(ProjectConfigurationPlatforms) = postSolution
		{FF702F3B-1F8E-4AF8-B00E-54061F5C0BC5}.Debug|Any CPU.ActiveCfg = Debug|Any CPU
		{FF702F3B-1F8E-4AF8-B00E-54061F5C0BC5}.Debug|Any CPU.Build.0 = Debug|Any CPU
	EndGlobalSection
	GlobalSection(SolutionProperties) = preSolution
		HideSolutionNode = FALSE
	EndGlobalSection
EndGlobal
