
Microsoft Visual Studio Solution File, Format Version 12.00
# Visual Studio 2013
VisualStudioVersion = 12.0.30501.0
MinimumVisualStudioVersion = 10.0.40219.1
Project("{E24C65DC-7377-472B-9ABA-BC803B73C61A}") = "03 Validators", ".", "{5E916B04-FD7C-443F-BC0A-F22A62E0AF8F}"
	ProjectSection(WebsiteProperties) = preProject
		TargetFrameworkMoniker = ".NETFramework,Version%3Dv4.0"
		Debug.AspNetCompiler.VirtualPath = "/rec3"
		Debug.AspNetCompiler.PhysicalPath = "..\..\..\..\..\..\nir\db\2009\cs\lec3CS ASP_NET Controls Validators\rec3\"
		Debug.AspNetCompiler.TargetPath = "PrecompiledWeb\rec3\"
		Debug.AspNetCompiler.Updateable = "true"
		Debug.AspNetCompiler.ForceOverwrite = "true"
		Debug.AspNetCompiler.FixedNames = "false"
		Debug.AspNetCompiler.Debug = "True"
		Release.AspNetCompiler.VirtualPath = "/rec3"
		Release.AspNetCompiler.PhysicalPath = "..\..\..\..\..\..\nir\db\2009\cs\lec3CS ASP_NET Controls Validators\rec3\"
		Release.AspNetCompiler.TargetPath = "PrecompiledWeb\rec3\"
		Release.AspNetCompiler.Updateable = "true"
		Release.AspNetCompiler.ForceOverwrite = "true"
		Release.AspNetCompiler.FixedNames = "false"
		Release.AspNetCompiler.Debug = "False"
		VWDPort = "50556"
		DefaultWebSiteLanguage = "Visual C#"
	EndProjectSection
EndProject
Global
	GlobalSection(SolutionConfigurationPlatforms) = preSolution
		Debug|.NET = Debug|.NET
	EndGlobalSection
	GlobalSection(ProjectConfigurationPlatforms) = postSolution
		{5E916B04-FD7C-443F-BC0A-F22A62E0AF8F}.Debug|.NET.ActiveCfg = Debug|Any CPU
	EndGlobalSection
	GlobalSection(SolutionProperties) = preSolution
		HideSolutionNode = FALSE
	EndGlobalSection
EndGlobal
