
Microsoft Visual Studio Solution File, Format Version 12.00
# Visual Studio Version 16
VisualStudioVersion = 16.0.29403.142
MinimumVisualStudioVersion = 10.0.40219.1
Project("{FAE04EC0-301F-11D3-BF4B-00C04F79EFBC}") = "MyFirstWebAPIDemo", "MyFirstWebAPIDemo\MyFirstWebAPIDemo.csproj", "{C676E5C6-2BB5-42E8-A4A8-00B6F60F4813}"
EndProject
Global
	GlobalSection(SolutionConfigurationPlatforms) = preSolution
		Debug|Any CPU = Debug|Any CPU
		Release|Any CPU = Release|Any CPU
	EndGlobalSection
	GlobalSection(ProjectConfigurationPlatforms) = postSolution
		{C676E5C6-2BB5-42E8-A4A8-00B6F60F4813}.Debug|Any CPU.ActiveCfg = Debug|Any CPU
		{C676E5C6-2BB5-42E8-A4A8-00B6F60F4813}.Debug|Any CPU.Build.0 = Debug|Any CPU
		{C676E5C6-2BB5-42E8-A4A8-00B6F60F4813}.Release|Any CPU.ActiveCfg = Release|Any CPU
		{C676E5C6-2BB5-42E8-A4A8-00B6F60F4813}.Release|Any CPU.Build.0 = Release|Any CPU
	EndGlobalSection
	GlobalSection(SolutionProperties) = preSolution
		HideSolutionNode = FALSE
	EndGlobalSection
	GlobalSection(ExtensibilityGlobals) = postSolution
		SolutionGuid = {4A35332C-3D1C-407B-B9A6-E37DF79A06C9}
	EndGlobalSection
EndGlobal
