
Microsoft Visual Studio Solution File, Format Version 12.00
# Visual Studio Version 16
VisualStudioVersion = 16.0.29403.142
MinimumVisualStudioVersion = 10.0.40219.1
Project("{FAE04EC0-301F-11D3-BF4B-00C04F79EFBC}") = "WebApiStudentsLoginDemo", "WebApiStudentsLoginDemo\WebApiStudentsLoginDemo.csproj", "{7CB36B5D-822C-467B-8B2A-5DF7522AD647}"
EndProject
Global
	GlobalSection(SolutionConfigurationPlatforms) = preSolution
		Debug|Any CPU = Debug|Any CPU
		Release|Any CPU = Release|Any CPU
	EndGlobalSection
	GlobalSection(ProjectConfigurationPlatforms) = postSolution
		{7CB36B5D-822C-467B-8B2A-5DF7522AD647}.Debug|Any CPU.ActiveCfg = Debug|Any CPU
		{7CB36B5D-822C-467B-8B2A-5DF7522AD647}.Debug|Any CPU.Build.0 = Debug|Any CPU
		{7CB36B5D-822C-467B-8B2A-5DF7522AD647}.Release|Any CPU.ActiveCfg = Release|Any CPU
		{7CB36B5D-822C-467B-8B2A-5DF7522AD647}.Release|Any CPU.Build.0 = Release|Any CPU
	EndGlobalSection
	GlobalSection(SolutionProperties) = preSolution
		HideSolutionNode = FALSE
	EndGlobalSection
	GlobalSection(ExtensibilityGlobals) = postSolution
		SolutionGuid = {51F63990-B33E-4EC9-BFA0-FED9F21BC106}
	EndGlobalSection
EndGlobal
