
Microsoft Visual Studio Solution File, Format Version 11.00
# Visual Web Developer Express 2010
Project("{E24C65DC-7377-472B-9ABA-BC803B73C61A}") = "04 Validate() LifeCycle and Display_Dynamic", ".", "{3805BBEE-93A6-4635-8B51-B05DFECFD1E2}"
	ProjectSection(WebsiteProperties) = preProject
		TargetFrameworkMoniker = ".NETFramework,Version%3Dv4.0"
		Debug.AspNetCompiler.VirtualPath = "/04 Validate() LifeCycle and Display_Dynamic"
		Debug.AspNetCompiler.PhysicalPath = "..\04 Validate() LifeCycle and Display_Dynamic\"
		Debug.AspNetCompiler.TargetPath = "PrecompiledWeb\04 Validate() LifeCycle and Display_Dynamic\"
		Debug.AspNetCompiler.Updateable = "true"
		Debug.AspNetCompiler.ForceOverwrite = "true"
		Debug.AspNetCompiler.FixedNames = "false"
		Debug.AspNetCompiler.Debug = "True"
		Release.AspNetCompiler.VirtualPath = "/04 Validate() LifeCycle and Display_Dynamic"
		Release.AspNetCompiler.PhysicalPath = "..\04 Validate() LifeCycle and Display_Dynamic\"
		Release.AspNetCompiler.TargetPath = "PrecompiledWeb\04 Validate() LifeCycle and Display_Dynamic\"
		Release.AspNetCompiler.Updateable = "true"
		Release.AspNetCompiler.ForceOverwrite = "true"
		Release.AspNetCompiler.FixedNames = "false"
		Release.AspNetCompiler.Debug = "False"
		VWDPort = "50717"
		DefaultWebSiteLanguage = "Visual C#"
	EndProjectSection
EndProject
Global
	GlobalSection(SolutionConfigurationPlatforms) = preSolution
		Debug|Any CPU = Debug|Any CPU
	EndGlobalSection
	GlobalSection(ProjectConfigurationPlatforms) = postSolution
		{3805BBEE-93A6-4635-8B51-B05DFECFD1E2}.Debug|Any CPU.ActiveCfg = Debug|Any CPU
		{3805BBEE-93A6-4635-8B51-B05DFECFD1E2}.Debug|Any CPU.Build.0 = Debug|Any CPU
	EndGlobalSection
	GlobalSection(SolutionProperties) = preSolution
		HideSolutionNode = FALSE
	EndGlobalSection
EndGlobal
